// !$*UTF8*$!
{
	archiveVersion = 1;
	classes = {
	};
	objectVersion = 51;
	objects = {

/* Begin PBXBuildFile section */
		502952A08375E32AD2EF283D /* Pods_Flixology.framework in Frameworks */ = {isa = PBXBuildFile; fileRef = 628B6605FBB105AEBA92E757 /* Pods_Flixology.framework */; };
		DD56D126252AC63900408CB5 /* MovieDetailsViewController.swift in Sources */ = {isa = PBXBuildFile; fileRef = DD56D125252AC63900408CB5 /* MovieDetailsViewController.swift */; };
		DD56D12D252AE3A700408CB5 /* MovieGridViewController.swift in Sources */ = {isa = PBXBuildFile; fileRef = DD56D12C252AE3A700408CB5 /* MovieGridViewController.swift */; };
		DD56D134252AF3B300408CB5 /* MovieGridCell.swift in Sources */ = {isa = PBXBuildFile; fileRef = DD56D133252AF3B300408CB5 /* MovieGridCell.swift */; };
		DD6241A92519C56600AFB52D /* MoviesViewController.swift in Sources */ = {isa = PBXBuildFile; fileRef = DD6241A82519C56600AFB52D /* MoviesViewController.swift */; };
		DD7ABBD9251EEA74005E83B4 /* MovieCell.swift in Sources */ = {isa = PBXBuildFile; fileRef = DD7ABBD8251EEA74005E83B4 /* MovieCell.swift */; };
		DDA2870A2517349A0096D003 /* AppDelegate.swift in Sources */ = {isa = PBXBuildFile; fileRef = DDA287092517349A0096D003 /* AppDelegate.swift */; };
		DDA2870C2517349A0096D003 /* SceneDelegate.swift in Sources */ = {isa = PBXBuildFile; fileRef = DDA2870B2517349A0096D003 /* SceneDelegate.swift */; };
		DDA287112517349A0096D003 /* Main.storyboard in Resources */ = {isa = PBXBuildFile; fileRef = DDA2870F2517349A0096D003 /* Main.storyboard */; };
		DDA287132517349C0096D003 /* Assets.xcassets in Resources */ = {isa = PBXBuildFile; fileRef = DDA287122517349C0096D003 /* Assets.xcassets */; };
		DDA287162517349C0096D003 /* LaunchScreen.storyboard in Resources */ = {isa = PBXBuildFile; fileRef = DDA287142517349C0096D003 /* LaunchScreen.storyboard */; };
/* End PBXBuildFile section */

/* Begin PBXFileReference section */
		628B6605FBB105AEBA92E757 /* Pods_Flixology.framework */ = {isa = PBXFileReference; explicitFileType = wrapper.framework; includeInIndex = 0; path = Pods_Flixology.framework; sourceTree = BUILT_PRODUCTS_DIR; };
		ADCA3FE0F83DE9CBC5D1B4E9 /* Pods-Flixology.release.xcconfig */ = {isa = PBXFileReference; includeInIndex = 1; lastKnownFileType = text.xcconfig; name = "Pods-Flixology.release.xcconfig"; path = "Target Support Files/Pods-Flixology/Pods-Flixology.release.xcconfig"; sourceTree = "<group>"; };
		B8830D756CD40228C32F2E1D /* Pods-Flixology.debug.xcconfig */ = {isa = PBXFileReference; includeInIndex = 1; lastKnownFileType = text.xcconfig; name = "Pods-Flixology.debug.xcconfig"; path = "Target Support Files/Pods-Flixology/Pods-Flixology.debug.xcconfig"; sourceTree = "<group>"; };
		DD56D125252AC63900408CB5 /* MovieDetailsViewController.swift */ = {isa = PBXFileReference; lastKnownFileType = sourcecode.swift; path = MovieDetailsViewController.swift; sourceTree = "<group>"; };
		DD56D12C252AE3A700408CB5 /* MovieGridViewController.swift */ = {isa = PBXFileReference; lastKnownFileType = sourcecode.swift; name = MovieGridViewController.swift; path = "/Users/petulapascall/Desktop/Fall 2020/CodePath/Week 2/Flixology/Flixology/MovieGridViewController.swift"; sourceTree = "<absolute>"; };
		DD56D133252AF3B300408CB5 /* MovieGridCell.swift */ = {isa = PBXFileReference; lastKnownFileType = sourcecode.swift; path = MovieGridCell.swift; sourceTree = "<group>"; };
		DD6241A82519C56600AFB52D /* MoviesViewController.swift */ = {isa = PBXFileReference; lastKnownFileType = sourcecode.swift; path = MoviesViewController.swift; sourceTree = "<group>"; };
		DD7ABBD8251EEA74005E83B4 /* MovieCell.swift */ = {isa = PBXFileReference; lastKnownFileType = sourcecode.swift; path = MovieCell.swift; sourceTree = "<group>"; };
		DDA287062517349A0096D003 /* Flixology.app */ = {isa = PBXFileReference; explicitFileType = wrapper.application; includeInIndex = 0; path = Flixology.app; sourceTree = BUILT_PRODUCTS_DIR; };
		DDA287092517349A0096D003 /* AppDelegate.swift */ = {isa = PBXFileReference; lastKnownFileType = sourcecode.swift; path = AppDelegate.swift; sourceTree = "<group>"; };
		DDA2870B2517349A0096D003 /* SceneDelegate.swift */ = {isa = PBXFileReference; lastKnownFileType = sourcecode.swift; path = SceneDelegate.swift; sourceTree = "<group>"; };
		DDA287102517349A0096D003 /* Base */ = {isa = PBXFileReference; lastKnownFileType = file.storyboard; name = Base; path = Base.lproj/Main.storyboard; sourceTree = "<group>"; };
		DDA287122517349C0096D003 /* Assets.xcassets */ = {isa = PBXFileReference; lastKnownFileType = folder.assetcatalog; path = Assets.xcassets; sourceTree = "<group>"; };
		DDA287152517349C0096D003 /* Base */ = {isa = PBXFileReference; lastKnownFileType = file.storyboard; name = Base; path = Base.lproj/LaunchScreen.storyboard; sourceTree = "<group>"; };
		DDA287172517349C0096D003 /* Info.plist */ = {isa = PBXFileReference; lastKnownFileType = text.plist.xml; path = Info.plist; sourceTree = "<group>"; };
/* End PBXFileReference section */

/* Begin PBXFrameworksBuildPhase section */
		DDA287032517349A0096D003 /* Frameworks */ = {
			isa = PBXFrameworksBuildPhase;
			buildActionMask = 2147483647;
			files = (
				502952A08375E32AD2EF283D /* Pods_Flixology.framework in Frameworks */,
			);
			runOnlyForDeploymentPostprocessing = 0;
		};
/* End PBXFrameworksBuildPhase section */

/* Begin PBXGroup section */
		37DDA3F168FC95F969BE5FCC /* Frameworks */ = {
			isa = PBXGroup;
			children = (
				628B6605FBB105AEBA92E757 /* Pods_Flixology.framework */,
			);
			name = Frameworks;
			sourceTree = "<group>";
		};
		BE3942B8CCD9928DB7B65771 /* Pods */ = {
			isa = PBXGroup;
			children = (
				B8830D756CD40228C32F2E1D /* Pods-Flixology.debug.xcconfig */,
				ADCA3FE0F83DE9CBC5D1B4E9 /* Pods-Flixology.release.xcconfig */,
			);
			path = Pods;
			sourceTree = "<group>";
		};
		DDA286FD2517349A0096D003 = {
			isa = PBXGroup;
			children = (
				DDA287082517349A0096D003 /* Flixology */,
				DDA287072517349A0096D003 /* Products */,
				BE3942B8CCD9928DB7B65771 /* Pods */,
				37DDA3F168FC95F969BE5FCC /* Frameworks */,
			);
			sourceTree = "<group>";
		};
		DDA287072517349A0096D003 /* Products */ = {
			isa = PBXGroup;
			children = (
				DDA287062517349A0096D003 /* Flixology.app */,
			);
			name = Products;
			sourceTree = "<group>";
		};
		DDA287082517349A0096D003 /* Flixology */ = {
			isa = PBXGroup;
			children = (
				DDA287092517349A0096D003 /* AppDelegate.swift */,
				DDA2870B2517349A0096D003 /* SceneDelegate.swift */,
				DD6241A82519C56600AFB52D /* MoviesViewController.swift */,
				DDA2870F2517349A0096D003 /* Main.storyboard */,
				DD56D125252AC63900408CB5 /* MovieDetailsViewController.swift */,
				DD7ABBD8251EEA74005E83B4 /* MovieCell.swift */,
				DD56D12C252AE3A700408CB5 /* MovieGridViewController.swift */,
				DDA287122517349C0096D003 /* Assets.xcassets */,
				DDA287142517349C0096D003 /* LaunchScreen.storyboard */,
				DDA287172517349C0096D003 /* Info.plist */,
				DD56D133252AF3B300408CB5 /* MovieGridCell.swift */,
			);
			path = Flixology;
			sourceTree = "<group>";
		};
/* End PBXGroup section */

/* Begin PBXNativeTarget section */
		DDA287052517349A0096D003 /* Flixology */ = {
			isa = PBXNativeTarget;
			buildConfigurationList = DDA2871A2517349C0096D003 /* Build configuration list for PBXNativeTarget "Flixology" */;
			buildPhases = (
				B7B7B59FF35B3DDF35536BAE /* [CP] Check Pods Manifest.lock */,
				DDA287022517349A0096D003 /* Sources */,
				DDA287032517349A0096D003 /* Frameworks */,
				DDA287042517349A0096D003 /* Resources */,
				CCA5816D552646E34626ACF3 /* [CP] Embed Pods Frameworks */,
			);
			buildRules = (
			);
			dependencies = (
			);
			name = Flixology;
			productName = Flixology;
			productReference = DDA287062517349A0096D003 /* Flixology.app */;
			productType = "com.apple.product-type.application";
		};
/* End PBXNativeTarget section */

/* Begin PBXProject section */
		DDA286FE2517349A0096D003 /* Project object */ = {
			isa = PBXProject;
			attributes = {
				LastSwiftUpdateCheck = 1170;
				LastUpgradeCheck = 1170;
				ORGANIZATIONNAME = "Petula Pascall";
				TargetAttributes = {
					DDA287052517349A0096D003 = {
						CreatedOnToolsVersion = 11.7;
					};
				};
			};
			buildConfigurationList = DDA287012517349A0096D003 /* Build configuration list for PBXProject "Flixology" */;
			compatibilityVersion = "Xcode 9.3";
			developmentRegion = en;
			hasScannedForEncodings = 0;
			knownRegions = (
				en,
				Base,
			);
			mainGroup = DDA286FD2517349A0096D003;
			productRefGroup = DDA287072517349A0096D003 /* Products */;
			projectDirPath = "";
			projectRoot = "";
			targets = (
				DDA287052517349A0096D003 /* Flixology */,
			);
		};
/* End PBXProject section */

/* Begin PBXResourcesBuildPhase section */
		DDA287042517349A0096D003 /* Resources */ = {
			isa = PBXResourcesBuildPhase;
			buildActionMask = 2147483647;
			files = (
				DDA287162517349C0096D003 /* LaunchScreen.storyboard in Resources */,
				DDA287132517349C0096D003 /* Assets.xcassets in Resources */,
				DDA287112517349A0096D003 /* Main.storyboard in Resources */,
			);
			runOnlyForDeploymentPostprocessing = 0;
		};
/* End PBXResourcesBuildPhase section */

/* Begin PBXShellScriptBuildPhase section */
		B7B7B59FF35B3DDF35536BAE /* [CP] Check Pods Manifest.lock */ = {
			isa = PBXShellScriptBuildPhase;
			buildActionMask = 2147483647;
			files = (
			);
			inputFileListPaths = (
			);
			inputPaths = (
				"${PODS_PODFILE_DIR_PATH}/Podfile.lock",
				"${PODS_ROOT}/Manifest.lock",
			);
			name = "[CP] Check Pods Manifest.lock";
			outputFileListPaths = (
			);
			outputPaths = (
				"$(DERIVED_FILE_DIR)/Pods-Flixology-checkManifestLockResult.txt",
			);
			runOnlyForDeploymentPostprocessing = 0;
			shellPath = /bin/sh;
			shellScript = "diff \"${PODS_PODFILE_DIR_PATH}/Podfile.lock\" \"${PODS_ROOT}/Manifest.lock\" > /dev/null\nif [ $? != 0 ] ; then\n    # print error to STDERR\n    echo \"error: The sandbox is not in sync with the Podfile.lock. Run 'pod install' or update your CocoaPods installation.\" >&2\n    exit 1\nfi\n# This output is used by Xcode 'outputs' to avoid re-running this script phase.\necho \"SUCCESS\" > \"${SCRIPT_OUTPUT_FILE_0}\"\n";
			showEnvVarsInLog = 0;
		};
		CCA5816D552646E34626ACF3 /* [CP] Embed Pods Frameworks */ = {
			isa = PBXShellScriptBuildPhase;
			buildActionMask = 2147483647;
			files = (
			);
			inputFileListPaths = (
				"${PODS_ROOT}/Target Support Files/Pods-Flixology/Pods-Flixology-frameworks-${CONFIGURATION}-input-files.xcfilelist",
			);
			name = "[CP] Embed Pods Frameworks";
			outputFileListPaths = (
				"${PODS_ROOT}/Target Support Files/Pods-Flixology/Pods-Flixology-frameworks-${CONFIGURATION}-output-files.xcfilelist",
			);
			runOnlyForDeploymentPostprocessing = 0;
			shellPath = /bin/sh;
			shellScript = "\"${PODS_ROOT}/Target Support Files/Pods-Flixology/Pods-Flixology-frameworks.sh\"\n";
			showEnvVarsInLog = 0;
		};
/* End PBXShellScriptBuildPhase section */

/* Begin PBXSourcesBuildPhase section */
		DDA287022517349A0096D003 /* Sources */ = {
			isa = PBXSourcesBuildPhase;
			buildActionMask = 2147483647;
			files = (
				DD56D126252AC63900408CB5 /* MovieDetailsViewController.swift in Sources */,
				DDA2870A2517349A0096D003 /* AppDelegate.swift in Sources */,
				DDA2870C2517349A0096D003 /* SceneDelegate.swift in Sources */,
				DD7ABBD9251EEA74005E83B4 /* MovieCell.swift in Sources */,
				DD6241A92519C56600AFB52D /* MoviesViewController.swift in Sources */,
				DD56D12D252AE3A700408CB5 /* MovieGridViewController.swift in Sources */,
				DD56D134252AF3B300408CB5 /* MovieGridCell.swift in Sources */,
			);
			runOnlyForDeploymentPostprocessing = 0;
		};
/* End PBXSourcesBuildPhase section */

/* Begin PBXVariantGroup section */
		DDA2870F2517349A0096D003 /* Main.storyboard */ = {
			isa = PBXVariantGroup;
			children = (
				DDA287102517349A0096D003 /* Base */,
			);
			name = Main.storyboard;
			sourceTree = "<group>";
		};
		DDA287142517349C0096D003 /* LaunchScreen.storyboard */ = {
			isa = PBXVariantGroup;
			children = (
				DDA287152517349C0096D003 /* Base */,
			);
			name = LaunchScreen.storyboard;
			sourceTree = "<group>";
		};
/* End PBXVariantGroup section */

/* Begin XCBuildConfiguration section */
		DDA287182517349C0096D003 /* Debug */ = {
			isa = XCBuildConfiguration;
			buildSettings = {
				ALWAYS_SEARCH_USER_PATHS = NO;
				CLANG_ANALYZER_NONNULL = YES;
				CLANG_ANALYZER_NUMBER_OBJECT_CONVERSION = YES_AGGRESSIVE;
				CLANG_CXX_LANGUAGE_STANDARD = "gnu++14";
				CLANG_CXX_LIBRARY = "libc++";
				CLANG_ENABLE_MODULES = YES;
				CLANG_ENABLE_OBJC_ARC = YES;
				CLANG_ENABLE_OBJC_WEAK = YES;
				CLANG_WARN_BLOCK_CAPTURE_AUTORELEASING = YES;
				CLANG_WARN_BOOL_CONVERSION = YES;
				CLANG_WARN_COMMA = YES;
				CLANG_WARN_CONSTANT_CONVERSION = YES;
				CLANG_WARN_DEPRECATED_OBJC_IMPLEMENTATIONS = YES;
				CLANG_WARN_DIRECT_OBJC_ISA_USAGE = YES_ERROR;
				CLANG_WARN_DOCUMENTATION_COMMENTS = YES;
				CLANG_WARN_EMPTY_BODY = YES;
				CLANG_WARN_ENUM_CONVERSION = YES;
				CLANG_WARN_INFINITE_RECURSION = YES;
				CLANG_WARN_INT_CONVERSION = YES;
				CLANG_WARN_NON_LITERAL_NULL_CONVERSION = YES;
				CLANG_WARN_OBJC_IMPLICIT_RETAIN_SELF = YES;
				CLANG_WARN_OBJC_LITERAL_CONVERSION = YES;
				CLANG_WARN_OBJC_ROOT_CLASS = YES_ERROR;
				CLANG_WARN_RANGE_LOOP_ANALYSIS = YES;
				CLANG_WARN_STRICT_PROTOTYPES = YES;
				CLANG_WARN_SUSPICIOUS_MOVE = YES;
				CLANG_WARN_UNGUARDED_AVAILABILITY = YES_AGGRESSIVE;
				CLANG_WARN_UNREACHABLE_CODE = YES;
				CLANG_WARN__DUPLICATE_METHOD_MATCH = YES;
				COPY_PHASE_STRIP = NO;
				DEBUG_INFORMATION_FORMAT = dwarf;
				ENABLE_STRICT_OBJC_MSGSEND = YES;
				ENABLE_TESTABILITY = YES;
				GCC_C_LANGUAGE_STANDARD = gnu11;
				GCC_DYNAMIC_NO_PIC = NO;
				GCC_NO_COMMON_BLOCKS = YES;
				GCC_OPTIMIZATION_LEVEL = 0;
				GCC_PREPROCESSOR_DEFINITIONS = (
					"DEBUG=1",
					"$(inherited)",
				);
				GCC_WARN_64_TO_32_BIT_CONVERSION = YES;
				GCC_WARN_ABOUT_RETURN_TYPE = YES_ERROR;
				GCC_WARN_UNDECLARED_SELECTOR = YES;
				GCC_WARN_UNINITIALIZED_AUTOS = YES_AGGRESSIVE;
				GCC_WARN_UNUSED_FUNCTION = YES;
				GCC_WARN_UNUSED_VARIABLE = YES;
				IPHONEOS_DEPLOYMENT_TARGET = 13.7;
				MTL_ENABLE_DEBUG_INFO = INCLUDE_SOURCE;
				MTL_FAST_MATH = YES;
				ONLY_ACTIVE_ARCH = YES;
				SDKROOT = iphoneos;
				SWIFT_ACTIVE_COMPILATION_CONDITIONS = DEBUG;
				SWIFT_OPTIMIZATION_LEVEL = "-Onone";
			};
			name = Debug;
		};
		DDA287192517349C0096D003 /* Release */ = {
			isa = XCBuildConfiguration;
			buildSettings = {
				ALWAYS_SEARCH_USER_PATHS = NO;
				CLANG_ANALYZER_NONNULL = YES;
				CLANG_ANALYZER_NUMBER_OBJECT_CONVERSION = YES_AGGRESSIVE;
				CLANG_CXX_LANGUAGE_STANDARD = "gnu++14";
				CLANG_CXX_LIBRARY = "libc++";
				CLANG_ENABLE_MODULES = YES;
				CLANG_ENABLE_OBJC_ARC = YES;
				CLANG_ENABLE_OBJC_WEAK = YES;
				CLANG_WARN_BLOCK_CAPTURE_AUTORELEASING = YES;
				CLANG_WARN_BOOL_CONVERSION = YES;
				CLANG_WARN_COMMA = YES;
				CLANG_WARN_CONSTANT_CONVERSION = YES;
				CLANG_WARN_DEPRECATED_OBJC_IMPLEMENTATIONS = YES;
				CLANG_WARN_DIRECT_OBJC_ISA_USAGE = YES_ERROR;
				CLANG_WARN_DOCUMENTATION_COMMENTS = YES;
				CLANG_WARN_EMPTY_BODY = YES;
				CLANG_WARN_ENUM_CONVERSION = YES;
				CLANG_WARN_INFINITE_RECURSION = YES;
				CLANG_WARN_INT_CONVERSION = YES;
				CLANG_WARN_NON_LITERAL_NULL_CONVERSION = YES;
				CLANG_WARN_OBJC_IMPLICIT_RETAIN_SELF = YES;
				CLANG_WARN_OBJC_LITERAL_CONVERSION = YES;
				CLANG_WARN_OBJC_ROOT_CLASS = YES_ERROR;
				CLANG_WARN_RANGE_LOOP_ANALYSIS = YES;
				CLANG_WARN_STRICT_PROTOTYPES = YES;
				CLANG_WARN_SUSPICIOUS_MOVE = YES;
				CLANG_WARN_UNGUARDED_AVAILABILITY = YES_AGGRESSIVE;
				CLANG_WARN_UNREACHABLE_CODE = YES;
				CLANG_WARN__DUPLICATE_METHOD_MATCH = YES;
				COPY_PHASE_STRIP = NO;
				DEBUG_INFORMATION_FORMAT = "dwarf-with-dsym";
				ENABLE_NS_ASSERTIONS = NO;
				ENABLE_STRICT_OBJC_MSGSEND = YES;
				GCC_C_LANGUAGE_STANDARD = gnu11;
				GCC_NO_COMMON_BLOCKS = YES;
				GCC_WARN_64_TO_32_BIT_CONVERSION = YES;
				GCC_WARN_ABOUT_RETURN_TYPE = YES_ERROR;
				GCC_WARN_UNDECLARED_SELECTOR = YES;
				GCC_WARN_UNINITIALIZED_AUTOS = YES_AGGRESSIVE;
				GCC_WARN_UNUSED_FUNCTION = YES;
				GCC_WARN_UNUSED_VARIABLE = YES;
				IPHONEOS_DEPLOYMENT_TARGET = 13.7;
				MTL_ENABLE_DEBUG_INFO = NO;
				MTL_FAST_MATH = YES;
				SDKROOT = iphoneos;
				SWIFT_COMPILATION_MODE = wholemodule;
				SWIFT_OPTIMIZATION_LEVEL = "-O";
				VALIDATE_PRODUCT = YES;
			};
			name = Release;
		};
		DDA2871B2517349C0096D003 /* Debug */ = {
			isa = XCBuildConfiguration;
			baseConfigurationReference = B8830D756CD40228C32F2E1D /* Pods-Flixology.debug.xcconfig */;
			buildSettings = {
				ASSETCATALOG_COMPILER_APPICON_NAME = AppIcon;
				CODE_SIGN_STYLE = Automatic;
				INFOPLIST_FILE = Flixology/Info.plist;
				LD_RUNPATH_SEARCH_PATHS = (
					"$(inherited)",
					"@executable_path/Frameworks",
				);
				PRODUCT_BUNDLE_IDENTIFIER = codepath.Flixology;
				PRODUCT_NAME = "$(TARGET_NAME)";
				SWIFT_VERSION = 5.0;
				TARGETED_DEVICE_FAMILY = "1,2";
			};
			name = Debug;
		};
		DDA2871C2517349C0096D003 /* Release */ = {
			isa = XCBuildConfiguration;
			baseConfigurationReference = ADCA3FE0F83DE9CBC5D1B4E9 /* Pods-Flixology.release.xcconfig */;
			buildSettings = {
				ASSETCATALOG_COMPILER_APPICON_NAME = AppIcon;
				CODE_SIGN_STYLE = Automatic;
				INFOPLIST_FILE = Flixology/Info.plist;
				LD_RUNPATH_SEARCH_PATHS = (
					"$(inherited)",
					"@executable_path/Frameworks",
				);
				PRODUCT_BUNDLE_IDENTIFIER = codepath.Flixology;
				PRODUCT_NAME = "$(TARGET_NAME)";
				SWIFT_VERSION = 5.0;
				TARGETED_DEVICE_FAMILY = "1,2";
			};
			name = Release;
		};
/* End XCBuildConfiguration section */

/* Begin XCConfigurationList section */
		DDA287012517349A0096D003 /* Build configuration list for PBXProject "Flixology" */ = {
			isa = XCConfigurationList;
			buildConfigurations = (
				DDA287182517349C0096D003 /* Debug */,
				DDA287192517349C0096D003 /* Release */,
			);
			defaultConfigurationIsVisible = 0;
			defaultConfigurationName = Release;
		};
		DDA2871A2517349C0096D003 /* Build configuration list for PBXNativeTarget "Flixology" */ = {
			isa = XCConfigurationList;
			buildConfigurations = (
				DDA2871B2517349C0096D003 /* Debug */,
				DDA2871C2517349C0096D003 /* Release */,
			);
			defaultConfigurationIsVisible = 0;
			defaultConfigurationName = Release;
		};
/* End XCConfigurationList section */
	};
	rootObject = DDA286FE2517349A0096D003 /* Project object */;
}
